
Microsoft Visual Studio Solution File, Format Version 12.00
# Visual Studio Version 17
VisualStudioVersion = 17.0.32014.148
MinimumVisualStudioVersion = 10.0.40219.1
Project("{FAE04EC0-301F-11D3-BF4B-00C04F79EFBC}") = "Practice", "Practice\Practice.csproj", "{31E310FF-0AC4-4E06-9001-74EFF72AAB8F}"
EndProject
Global
	GlobalSection(SolutionConfigurationPlatforms) = preSolution
		Debug|Any CPU = Debug|Any CPU
		Release|Any CPU = Release|Any CPU
	EndGlobalSection
	GlobalSection(ProjectConfigurationPlatforms) = postSolution
		{31E310FF-0AC4-4E06-9001-74EFF72AAB8F}.Debug|Any CPU.ActiveCfg = Debug|Any CPU
		{31E310FF-0AC4-4E06-9001-74EFF72AAB8F}.Debug|Any CPU.Build.0 = Debug|Any CPU
		{31E310FF-0AC4-4E06-9001-74EFF72AAB8F}.Release|Any CPU.ActiveCfg = Release|Any CPU
		{31E310FF-0AC4-4E06-9001-74EFF72AAB8F}.Release|Any CPU.Build.0 = Release|Any CPU
	EndGlobalSection
	GlobalSection(SolutionProperties) = preSolution
		HideSolutionNode = FALSE
	EndGlobalSection
	GlobalSection(ExtensibilityGlobals) = postSolution
		SolutionGuid = {326C7C92-312E-45F9-9992-B0100846623F}
	EndGlobalSection
EndGlobal
